// !$*UTF8*$!
{
	archiveVersion = 1;
	classes = {
	};
	objectVersion = 46;
	objects = {

/* Begin PBXBuildFile section */
		ACC05A031E588D55003092A7 /* main.m in Sources */ = {isa = PBXBuildFile; fileRef = ACC05A021E588D55003092A7 /* main.m */; };
		ACC05A061E588D55003092A7 /* AppDelegate.m in Sources */ = {isa = PBXBuildFile; fileRef = ACC05A051E588D55003092A7 /* AppDelegate.m */; };
		ACC05A0C1E588D55003092A7 /* Main.storyboard in Resources */ = {isa = PBXBuildFile; fileRef = ACC05A0A1E588D55003092A7 /* Main.storyboard */; };
		ACC05A0E1E588D55003092A7 /* Assets.xcassets in Resources */ = {isa = PBXBuildFile; fileRef = ACC05A0D1E588D55003092A7 /* Assets.xcassets */; };
		ACC05A111E588D55003092A7 /* LaunchScreen.storyboard in Resources */ = {isa = PBXBuildFile; fileRef = ACC05A0F1E588D55003092A7 /* LaunchScreen.storyboard */; };
		ACC05A201E588DCB003092A7 /* PrimeNumbersViewController.m in Sources */ = {isa = PBXBuildFile; fileRef = ACC05A1F1E588DCB003092A7 /* PrimeNumbersViewController.m */; };
		ACC05A241E588F44003092A7 /* PrimeCustomTableViewCell.m in Sources */ = {isa = PBXBuildFile; fileRef = ACC05A221E588F44003092A7 /* PrimeCustomTableViewCell.m */; };
		ACC05A251E588F44003092A7 /* PrimeCustomTableViewCell.xib in Resources */ = {isa = PBXBuildFile; fileRef = ACC05A231E588F44003092A7 /* PrimeCustomTableViewCell.xib */; };
/* End PBXBuildFile section */

/* Begin PBXFileReference section */
		ACC059FE1E588D55003092A7 /* Prime Numbers.app */ = {isa = PBXFileReference; explicitFileType = wrapper.application; includeInIndex = 0; path = "Prime Numbers.app"; sourceTree = BUILT_PRODUCTS_DIR; };
		ACC05A021E588D55003092A7 /* main.m */ = {isa = PBXFileReference; lastKnownFileType = sourcecode.c.objc; path = main.m; sourceTree = "<group>"; };
		ACC05A041E588D55003092A7 /* AppDelegate.h */ = {isa = PBXFileReference; lastKnownFileType = sourcecode.c.h; path = AppDelegate.h; sourceTree = "<group>"; };
		ACC05A051E588D55003092A7 /* AppDelegate.m */ = {isa = PBXFileReference; lastKnownFileType = sourcecode.c.objc; path = AppDelegate.m; sourceTree = "<group>"; };
		ACC05A0B1E588D55003092A7 /* Base */ = {isa = PBXFileReference; lastKnownFileType = file.storyboard; name = Base; path = Base.lproj/Main.storyboard; sourceTree = "<group>"; };
		ACC05A0D1E588D55003092A7 /* Assets.xcassets */ = {isa = PBXFileReference; lastKnownFileType = folder.assetcatalog; path = Assets.xcassets; sourceTree = "<group>"; };
		ACC05A101E588D55003092A7 /* Base */ = {isa = PBXFileReference; lastKnownFileType = file.storyboard; name = Base; path = Base.lproj/LaunchScreen.storyboard; sourceTree = "<group>"; };
		ACC05A121E588D55003092A7 /* Info.plist */ = {isa = PBXFileReference; lastKnownFileType = text.plist.xml; path = Info.plist; sourceTree = "<group>"; };
		ACC05A1E1E588DCB003092A7 /* PrimeNumbersViewController.h */ = {isa = PBXFileReference; fileEncoding = 4; lastKnownFileType = sourcecode.c.h; name = PrimeNumbersViewController.h; path = ../PrimeNumbersViewController.h; sourceTree = "<group>"; };
		ACC05A1F1E588DCB003092A7 /* PrimeNumbersViewController.m */ = {isa = PBXFileReference; fileEncoding = 4; lastKnownFileType = sourcecode.c.objc; name = PrimeNumbersViewController.m; path = ../PrimeNumbersViewController.m; sourceTree = "<group>"; };
		ACC05A211E588F44003092A7 /* PrimeCustomTableViewCell.h */ = {isa = PBXFileReference; fileEncoding = 4; lastKnownFileType = sourcecode.c.h; path = PrimeCustomTableViewCell.h; sourceTree = "<group>"; };
		ACC05A221E588F44003092A7 /* PrimeCustomTableViewCell.m */ = {isa = PBXFileReference; fileEncoding = 4; lastKnownFileType = sourcecode.c.objc; path = PrimeCustomTableViewCell.m; sourceTree = "<group>"; };
		ACC05A231E588F44003092A7 /* PrimeCustomTableViewCell.xib */ = {isa = PBXFileReference; fileEncoding = 4; lastKnownFileType = file.xib; path = PrimeCustomTableViewCell.xib; sourceTree = "<group>"; };
/* End PBXFileReference section */

/* Begin PBXFrameworksBuildPhase section */
		ACC059FB1E588D55003092A7 /* Frameworks */ = {
			isa = PBXFrameworksBuildPhase;
			buildActionMask = 2147483647;
			files = (
			);
			runOnlyForDeploymentPostprocessing = 0;
		};
/* End PBXFrameworksBuildPhase section */

/* Begin PBXGroup section */
		ACC059F51E588D55003092A7 = {
			isa = PBXGroup;
			children = (
				ACC05A001E588D55003092A7 /* Prime Numbers */,
				ACC059FF1E588D55003092A7 /* Products */,
			);
			sourceTree = "<group>";
		};
		ACC059FF1E588D55003092A7 /* Products */ = {
			isa = PBXGroup;
			children = (
				ACC059FE1E588D55003092A7 /* Prime Numbers.app */,
			);
			name = Products;
			sourceTree = "<group>";
		};
		ACC05A001E588D55003092A7 /* Prime Numbers */ = {
			isa = PBXGroup;
			children = (
				ACC05A1E1E588DCB003092A7 /* PrimeNumbersViewController.h */,
				ACC05A1F1E588DCB003092A7 /* PrimeNumbersViewController.m */,
				ACC05A041E588D55003092A7 /* AppDelegate.h */,
				ACC05A051E588D55003092A7 /* AppDelegate.m */,
				ACC05A0A1E588D55003092A7 /* Main.storyboard */,
				ACC05A211E588F44003092A7 /* PrimeCustomTableViewCell.h */,
				ACC05A221E588F44003092A7 /* PrimeCustomTableViewCell.m */,
				ACC05A231E588F44003092A7 /* PrimeCustomTableViewCell.xib */,
				ACC05A0D1E588D55003092A7 /* Assets.xcassets */,
				ACC05A0F1E588D55003092A7 /* LaunchScreen.storyboard */,
				ACC05A121E588D55003092A7 /* Info.plist */,
				ACC05A011E588D55003092A7 /* Supporting Files */,
			);
			path = "Prime Numbers";
			sourceTree = "<group>";
		};
		ACC05A011E588D55003092A7 /* Supporting Files */ = {
			isa = PBXGroup;
			children = (
				ACC05A021E588D55003092A7 /* main.m */,
			);
			name = "Supporting Files";
			sourceTree = "<group>";
		};
/* End PBXGroup section */

/* Begin PBXNativeTarget section */
		ACC059FD1E588D55003092A7 /* Prime Numbers */ = {
			isa = PBXNativeTarget;
			buildConfigurationList = ACC05A151E588D55003092A7 /* Build configuration list for PBXNativeTarget "Prime Numbers" */;
			buildPhases = (
				ACC059FA1E588D55003092A7 /* Sources */,
				ACC059FB1E588D55003092A7 /* Frameworks */,
				ACC059FC1E588D55003092A7 /* Resources */,
			);
			buildRules = (
			);
			dependencies = (
			);
			name = "Prime Numbers";
			productName = "Prime Numbers";
			productReference = ACC059FE1E588D55003092A7 /* Prime Numbers.app */;
			productType = "com.apple.product-type.application";
		};
/* End PBXNativeTarget section */

/* Begin PBXProject section */
		ACC059F61E588D55003092A7 /* Project object */ = {
			isa = PBXProject;
			attributes = {
				LastUpgradeCheck = 0820;
				ORGANIZATIONNAME = "Christian Deliens";
				TargetAttributes = {
					ACC059FD1E588D55003092A7 = {
						CreatedOnToolsVersion = 8.2.1;
						ProvisioningStyle = Automatic;
					};
				};
			};
			buildConfigurationList = ACC059F91E588D55003092A7 /* Build configuration list for PBXProject "Prime Numbers" */;
			compatibilityVersion = "Xcode 3.2";
			developmentRegion = English;
			hasScannedForEncodings = 0;
			knownRegions = (
				en,
				Base,
			);
			mainGroup = ACC059F51E588D55003092A7;
			productRefGroup = ACC059FF1E588D55003092A7 /* Products */;
			projectDirPath = "";
			projectRoot = "";
			targets = (
				ACC059FD1E588D55003092A7 /* Prime Numbers */,
			);
		};
/* End PBXProject section */

/* Begin PBXResourcesBuildPhase section */
		ACC059FC1E588D55003092A7 /* Resources */ = {
			isa = PBXResourcesBuildPhase;
			buildActionMask = 2147483647;
			files = (
				ACC05A251E588F44003092A7 /* PrimeCustomTableViewCell.xib in Resources */,
				ACC05A111E588D55003092A7 /* LaunchScreen.storyboard in Resources */,
				ACC05A0E1E588D55003092A7 /* Assets.xcassets in Resources */,
				ACC05A0C1E588D55003092A7 /* Main.storyboard in Resources */,
			);
			runOnlyForDeploymentPostprocessing = 0;
		};
/* End PBXResourcesBuildPhase section */

/* Begin PBXSourcesBuildPhase section */
		ACC059FA1E588D55003092A7 /* Sources */ = {
			isa = PBXSourcesBuildPhase;
			buildActionMask = 2147483647;
			files = (
				ACC05A241E588F44003092A7 /* PrimeCustomTableViewCell.m in Sources */,
				ACC05A061E588D55003092A7 /* AppDelegate.m in Sources */,
				ACC05A031E588D55003092A7 /* main.m in Sources */,
				ACC05A201E588DCB003092A7 /* PrimeNumbersViewController.m in Sources */,
			);
			runOnlyForDeploymentPostprocessing = 0;
		};
/* End PBXSourcesBuildPhase section */

/* Begin PBXVariantGroup section */
		ACC05A0A1E588D55003092A7 /* Main.storyboard */ = {
			isa = PBXVariantGroup;
			children = (
				ACC05A0B1E588D55003092A7 /* Base */,
			);
			name = Main.storyboard;
			sourceTree = "<group>";
		};
		ACC05A0F1E588D55003092A7 /* LaunchScreen.storyboard */ = {
			isa = PBXVariantGroup;
			children = (
				ACC05A101E588D55003092A7 /* Base */,
			);
			name = LaunchScreen.storyboard;
			sourceTree = "<group>";
		};
/* End PBXVariantGroup section */

/* Begin XCBuildConfiguration section */
		ACC05A131E588D55003092A7 /* Debug */ = {
			isa = XCBuildConfiguration;
			buildSettings = {
				ALWAYS_SEARCH_USER_PATHS = NO;
				CLANG_ANALYZER_NONNULL = YES;
				CLANG_CXX_LANGUAGE_STANDARD = "gnu++0x";
				CLANG_CXX_LIBRARY = "libc++";
				CLANG_ENABLE_MODULES = YES;
				CLANG_ENABLE_OBJC_ARC = YES;
				CLANG_WARN_BOOL_CONVERSION = YES;
				CLANG_WARN_CONSTANT_CONVERSION = YES;
				CLANG_WARN_DIRECT_OBJC_ISA_USAGE = YES_ERROR;
				CLANG_WARN_DOCUMENTATION_COMMENTS = YES;
				CLANG_WARN_EMPTY_BODY = YES;
				CLANG_WARN_ENUM_CONVERSION = YES;
				CLANG_WARN_INFINITE_RECURSION = YES;
				CLANG_WARN_INT_CONVERSION = YES;
				CLANG_WARN_OBJC_ROOT_CLASS = YES_ERROR;
				CLANG_WARN_SUSPICIOUS_MOVE = YES;
				CLANG_WARN_UNREACHABLE_CODE = YES;
				CLANG_WARN__DUPLICATE_METHOD_MATCH = YES;
				"CODE_SIGN_IDENTITY[sdk=iphoneos*]" = "iPhone Developer";
				COPY_PHASE_STRIP = NO;
				DEBUG_INFORMATION_FORMAT = dwarf;
				ENABLE_STRICT_OBJC_MSGSEND = YES;
				ENABLE_TESTABILITY = YES;
				GCC_C_LANGUAGE_STANDARD = gnu99;
				GCC_DYNAMIC_NO_PIC = NO;
				GCC_NO_COMMON_BLOCKS = YES;
				GCC_OPTIMIZATION_LEVEL = 0;
				GCC_PREPROCESSOR_DEFINITIONS = (
					"DEBUG=1",
					"$(inherited)",
				);
				GCC_WARN_64_TO_32_BIT_CONVERSION = YES;
				GCC_WARN_ABOUT_RETURN_TYPE = YES_ERROR;
				GCC_WARN_UNDECLARED_SELECTOR = YES;
				GCC_WARN_UNINITIALIZED_AUTOS = YES_AGGRESSIVE;
				GCC_WARN_UNUSED_FUNCTION = YES;
				GCC_WARN_UNUSED_VARIABLE = YES;
				IPHONEOS_DEPLOYMENT_TARGET = 10.2;
				MTL_ENABLE_DEBUG_INFO = YES;
				ONLY_ACTIVE_ARCH = YES;
				SDKROOT = iphoneos;
			};
			name = Debug;
		};
		ACC05A141E588D55003092A7 /* Release */ = {
			isa = XCBuildConfiguration;
			buildSettings = {
				ALWAYS_SEARCH_USER_PATHS = NO;
				CLANG_ANALYZER_NONNULL = YES;
				CLANG_CXX_LANGUAGE_STANDARD = "gnu++0x";
				CLANG_CXX_LIBRARY = "libc++";
				CLANG_ENABLE_MODULES = YES;
				CLANG_ENABLE_OBJC_ARC = YES;
				CLANG_WARN_BOOL_CONVERSION = YES;
				CLANG_WARN_CONSTANT_CONVERSION = YES;
				CLANG_WARN_DIRECT_OBJC_ISA_USAGE = YES_ERROR;
				CLANG_WARN_DOCUMENTATION_COMMENTS = YES;
				CLANG_WARN_EMPTY_BODY = YES;
				CLANG_WARN_ENUM_CONVERSION = YES;
				CLANG_WARN_INFINITE_RECURSION = YES;
				CLANG_WARN_INT_CONVERSION = YES;
				CLANG_WARN_OBJC_ROOT_CLASS = YES_ERROR;
				CLANG_WARN_SUSPICIOUS_MOVE = YES;
				CLANG_WARN_UNREACHABLE_CODE = YES;
				CLANG_WARN__DUPLICATE_METHOD_MATCH = YES;
				"CODE_SIGN_IDENTITY[sdk=iphoneos*]" = "iPhone Developer";
				COPY_PHASE_STRIP = NO;
				DEBUG_INFORMATION_FORMAT = "dwarf-with-dsym";
				ENABLE_NS_ASSERTIONS = NO;
				ENABLE_STRICT_OBJC_MSGSEND = YES;
				GCC_C_LANGUAGE_STANDARD = gnu99;
				GCC_NO_COMMON_BLOCKS = YES;
				GCC_WARN_64_TO_32_BIT_CONVERSION = YES;
				GCC_WARN_ABOUT_RETURN_TYPE = YES_ERROR;
				GCC_WARN_UNDECLARED_SELECTOR = YES;
				GCC_WARN_UNINITIALIZED_AUTOS = YES_AGGRESSIVE;
				GCC_WARN_UNUSED_FUNCTION = YES;
				GCC_WARN_UNUSED_VARIABLE = YES;
				IPHONEOS_DEPLOYMENT_TARGET = 10.2;
				MTL_ENABLE_DEBUG_INFO = NO;
				SDKROOT = iphoneos;
				VALIDATE_PRODUCT = YES;
			};
			name = Release;
		};
		ACC05A161E588D55003092A7 /* Debug */ = {
			isa = XCBuildConfiguration;
			buildSettings = {
				ASSETCATALOG_COMPILER_APPICON_NAME = AppIcon;
				INFOPLIST_FILE = "Prime Numbers/Info.plist";
				LD_RUNPATH_SEARCH_PATHS = "$(inherited) @executable_path/Frameworks";
				PRODUCT_BUNDLE_IDENTIFIER = "self.edu.deliens.Prime-Numbers";
				PRODUCT_NAME = "$(TARGET_NAME)";
			};
			name = Debug;
		};
		ACC05A171E588D55003092A7 /* Release */ = {
			isa = XCBuildConfiguration;
			buildSettings = {
				ASSETCATALOG_COMPILER_APPICON_NAME = AppIcon;
				INFOPLIST_FILE = "Prime Numbers/Info.plist";
				LD_RUNPATH_SEARCH_PATHS = "$(inherited) @executable_path/Frameworks";
				PRODUCT_BUNDLE_IDENTIFIER = "self.edu.deliens.Prime-Numbers";
				PRODUCT_NAME = "$(TARGET_NAME)";
			};
			name = Release;
		};
/* End XCBuildConfiguration section */

/* Begin XCConfigurationList section */
		ACC059F91E588D55003092A7 /* Build configuration list for PBXProject "Prime Numbers" */ = {
			isa = XCConfigurationList;
			buildConfigurations = (
				ACC05A131E588D55003092A7 /* Debug */,
				ACC05A141E588D55003092A7 /* Release */,
			);
			defaultConfigurationIsVisible = 0;
			defaultConfigurationName = Release;
		};
		ACC05A151E588D55003092A7 /* Build configuration list for PBXNativeTarget "Prime Numbers" */ = {
			isa = XCConfigurationList;
			buildConfigurations = (
				ACC05A161E588D55003092A7 /* Debug */,
				ACC05A171E588D55003092A7 /* Release */,
			);
			defaultConfigurationIsVisible = 0;
		};
/* End XCConfigurationList section */
	};
	rootObject = ACC059F61E588D55003092A7 /* Project object */;
}
